Microsoft Visual Studio Solution File, Format Version 12.00
# Visual Studio Version 16
VisualStudioVersion = 16.0.32228.343
MinimumVisualStudioVersion = 10.0.40219.1
Project("{FAE04EC0-301F-11D3-BF4B-00C04F79EFBC}") = "Qios.DevSuite.Components", "Qios.DevSuite.Components/Qios.DevSuite.Components.csproj", "{6E29A977-BC84-493D-8029-1425D253E6BB}"
EndProject
Global
	GlobalSection(SolutionConfigurationPlatforms) = preSolution
		Debug|Any CPU = Debug|Any CPU
		Release|Any CPU = Release|Any CPU
	EndGlobalSection
	GlobalSection(ProjectConfigurationPlatforms) = postSolution
		{6E29A977-BC84-493D-8029-1425D253E6BB}.Debug|Any CPU.ActiveCfg = Debug|Any CPU
		{6E29A977-BC84-493D-8029-1425D253E6BB}.Debug|Any CPU.Build.0 = Debug|Any CPU
		{6E29A977-BC84-493D-8029-1425D253E6BB}.Release|Any CPU.ActiveCfg = Release|Any CPU
		{6E29A977-BC84-493D-8029-1425D253E6BB}.Release|Any CPU.Build.0 = Release|Any CPU
	EndGlobalSection
	GlobalSection(SolutionProperties) = preSolution
		HideSolutionNode = FALSE
	EndGlobalSection
	GlobalSection(ExtensibilityGlobals) = postSolution
		SolutionGuid = {7EFBC546-218E-496B-9996-94C1508DCA9F}
	EndGlobalSection
EndGlobal
